context:
  value:
    heading: About the course
    course_outline:
      - title: UX Research and Design
        text: The UX Research and Design course is a 10-week, part-time course
          that will teach you core user experience design skills and how to apply
          them in the real world.
      - title: UX Research and Design
        text: The UX Research and Design course is a 10-week, part-time course
          that will teach you core user experience design skills and how to apply
          them in the real world.
      - title: UX Research and Design
        text: The UX Research and Design course is a 10-week, part-time course
          that will teach you core user experience design skills and how to apply
          them in the real world.
