context:
  value:
    text: Lorem ipsum dolor sit amet, consectetur adipiscing elit, sed do eiusmod tempor incididunt ut labore et dolore magna aliqua. Non nisi est sit amet facilisis magna etiam tempor orci.
    quote: Accumsan tortor posuere ac ut consequat semper. Dolor magna eget est lorem ipsum dolor sit. Malesuada fames ac turpis egestas. Ac placerat vestibulum lectus mauris ultrices eros in. Fusce ut placerat orci nulla pellentesque dignissim enim.
    attribution: Maria dela Cruz
