context:
  value: '<h1>Lorem ipsum dolor sit amet, consectetur adipiscing elit.</h1>
    <p>Posuere sollicitudin aliquam ultrices sagittis orci a. Amet consectetur adipiscing elit pellentesque habitant. Id consectetur purus ut faucibus pulvinar elementum integer enim. Id aliquet risus feugiat in ante.</p>'
